
Microsoft Visual Studio Solution File, Format Version 12.00
# Visual Studio Version 16
VisualStudioVersion = 16.0.29306.81
MinimumVisualStudioVersion = 10.0.40219.1
Project("{FAE04EC0-301F-11D3-BF4B-00C04F79EFBC}") = "FacilityMaster", "FacilityMaster\FacilityMaster.csproj", "{5EACA19E-0CE7-4AF5-B5F9-78FC43B0A527}"
EndProject
Global
	GlobalSection(SolutionConfigurationPlatforms) = preSolution
		Debug|Any CPU = Debug|Any CPU
		Release|Any CPU = Release|Any CPU
	EndGlobalSection
	GlobalSection(ProjectConfigurationPlatforms) = postSolution
		{5EACA19E-0CE7-4AF5-B5F9-78FC43B0A527}.Debug|Any CPU.ActiveCfg = Debug|Any CPU
		{5EACA19E-0CE7-4AF5-B5F9-78FC43B0A527}.Debug|Any CPU.Build.0 = Debug|Any CPU
		{5EACA19E-0CE7-4AF5-B5F9-78FC43B0A527}.Release|Any CPU.ActiveCfg = Release|Any CPU
		{5EACA19E-0CE7-4AF5-B5F9-78FC43B0A527}.Release|Any CPU.Build.0 = Release|Any CPU
	EndGlobalSection
	GlobalSection(SolutionProperties) = preSolution
		HideSolutionNode = FALSE
	EndGlobalSection
	GlobalSection(ExtensibilityGlobals) = postSolution
		SolutionGuid = {61399349-FD82-4BC6-81D9-307D92D16F50}
	EndGlobalSection
EndGlobal
